
Microsoft Visual Studio Solution File, Format Version 12.00
# Visual Studio Version 16
VisualStudioVersion = 16.0.30523.141
MinimumVisualStudioVersion = 10.0.40219.1
Project("{9A19103F-16F7-4668-BE54-9A1E7A4F7556}") = "DataEastEF", "DataEastEF\DataEastEF.csproj", "{9C7FEF33-FF75-48EF-BFA4-AB1580CE15C8}"
EndProject
Global
	GlobalSection(SolutionConfigurationPlatforms) = preSolution
		Debug|Any CPU = Debug|Any CPU
		Release|Any CPU = Release|Any CPU
	EndGlobalSection
	GlobalSection(ProjectConfigurationPlatforms) = postSolution
		{9C7FEF33-FF75-48EF-BFA4-AB1580CE15C8}.Debug|Any CPU.ActiveCfg = Debug|Any CPU
		{9C7FEF33-FF75-48EF-BFA4-AB1580CE15C8}.Debug|Any CPU.Build.0 = Debug|Any CPU
		{9C7FEF33-FF75-48EF-BFA4-AB1580CE15C8}.Release|Any CPU.ActiveCfg = Release|Any CPU
		{9C7FEF33-FF75-48EF-BFA4-AB1580CE15C8}.Release|Any CPU.Build.0 = Release|Any CPU
	EndGlobalSection
	GlobalSection(SolutionProperties) = preSolution
		HideSolutionNode = FALSE
	EndGlobalSection
	GlobalSection(ExtensibilityGlobals) = postSolution
		SolutionGuid = {2A816908-C316-4754-87DF-E6F10695AA2A}
	EndGlobalSection
EndGlobal
